
Microsoft Visual Studio Solution File, Format Version 12.00
# Visual Studio Version 16
VisualStudioVersion = 16.0.30804.86
MinimumVisualStudioVersion = 15.0.26124.0
Project("{9A19103F-16F7-4668-BE54-9A1E7A4F7556}") = "Sdk", "Sdk\Sdk.csproj", "{11BE7297-4258-413B-A314-25FE1F14085F}"
EndProject
Project("{FAE04EC0-301F-11D3-BF4B-00C04F79EFBC}") = "Legacy", "Legacy\Legacy.csproj", "{C8D3DF34-CDDD-4EAD-AAD8-D097FBF71CFA}"
EndProject
Global
	GlobalSection(SolutionConfigurationPlatforms) = preSolution
		Debug|Any CPU = Debug|Any CPU
		Debug|x64 = Debug|x64
		Debug|x86 = Debug|x86
		Release|Any CPU = Release|Any CPU
		Release|x64 = Release|x64
		Release|x86 = Release|x86
	EndGlobalSection
	GlobalSection(ProjectConfigurationPlatforms) = postSolution
		{11BE7297-4258-413B-A314-25FE1F14085F}.Debug|Any CPU.ActiveCfg = Debug|Any CPU
		{11BE7297-4258-413B-A314-25FE1F14085F}.Debug|Any CPU.Build.0 = Debug|Any CPU
		{11BE7297-4258-413B-A314-25FE1F14085F}.Debug|x64.ActiveCfg = Debug|Any CPU
		{11BE7297-4258-413B-A314-25FE1F14085F}.Debug|x64.Build.0 = Debug|Any CPU
		{11BE7297-4258-413B-A314-25FE1F14085F}.Debug|x86.ActiveCfg = Debug|Any CPU
		{11BE7297-4258-413B-A314-25FE1F14085F}.Debug|x86.Build.0 = Debug|Any CPU
		{11BE7297-4258-413B-A314-25FE1F14085F}.Release|Any CPU.ActiveCfg = Release|Any CPU
		{11BE7297-4258-413B-A314-25FE1F14085F}.Release|Any CPU.Build.0 = Release|Any CPU
		{11BE7297-4258-413B-A314-25FE1F14085F}.Release|x64.ActiveCfg = Release|Any CPU
		{11BE7297-4258-413B-A314-25FE1F14085F}.Release|x64.Build.0 = Release|Any CPU
		{11BE7297-4258-413B-A314-25FE1F14085F}.Release|x86.ActiveCfg = Release|Any CPU
		{11BE7297-4258-413B-A314-25FE1F14085F}.Release|x86.Build.0 = Release|Any CPU
		{C8D3DF34-CDDD-4EAD-AAD8-D097FBF71CFA}.Debug|Any CPU.ActiveCfg = Debug|Any CPU
		{C8D3DF34-CDDD-4EAD-AAD8-D097FBF71CFA}.Debug|Any CPU.Build.0 = Debug|Any CPU
		{C8D3DF34-CDDD-4EAD-AAD8-D097FBF71CFA}.Debug|x64.ActiveCfg = Debug|Any CPU
		{C8D3DF34-CDDD-4EAD-AAD8-D097FBF71CFA}.Debug|x64.Build.0 = Debug|Any CPU
		{C8D3DF34-CDDD-4EAD-AAD8-D097FBF71CFA}.Debug|x86.ActiveCfg = Debug|Any CPU
		{C8D3DF34-CDDD-4EAD-AAD8-D097FBF71CFA}.Debug|x86.Build.0 = Debug|Any CPU
		{C8D3DF34-CDDD-4EAD-AAD8-D097FBF71CFA}.Release|Any CPU.ActiveCfg = Release|Any CPU
		{C8D3DF34-CDDD-4EAD-AAD8-D097FBF71CFA}.Release|Any CPU.Build.0 = Release|Any CPU
		{C8D3DF34-CDDD-4EAD-AAD8-D097FBF71CFA}.Release|x64.ActiveCfg = Release|Any CPU
		{C8D3DF34-CDDD-4EAD-AAD8-D097FBF71CFA}.Release|x64.Build.0 = Release|Any CPU
		{C8D3DF34-CDDD-4EAD-AAD8-D097FBF71CFA}.Release|x86.ActiveCfg = Release|Any CPU
		{C8D3DF34-CDDD-4EAD-AAD8-D097FBF71CFA}.Release|x86.Build.0 = Release|Any CPU
	EndGlobalSection
	GlobalSection(SolutionProperties) = preSolution
		HideSolutionNode = FALSE
	EndGlobalSection
	GlobalSection(ExtensibilityGlobals) = postSolution
		SolutionGuid = {7086F709-2975-4D92-A550-307DCF65A047}
	EndGlobalSection
EndGlobal
